// !$*UTF8*$!
{
	archiveVersion = 1;
	classes = {
	};
	objectVersion = 46;
	objects = {

/* Begin PBXBuildFile section */
		3619263419FA86AD004569B8 /* objcTests.m in Sources */ = {isa = PBXBuildFile; fileRef = 3619263319FA86AD004569B8 /* objcTests.m */; };
		3619263F19FA87D4004569B8 /* NSURLRequest+cURL.m in Sources */ = {isa = PBXBuildFile; fileRef = 3619263E19FA87D4004569B8 /* NSURLRequest+cURL.m */; };
/* End PBXBuildFile section */

/* Begin PBXFileReference section */
		3619262D19FA86AD004569B8 /* objcTests.xctest */ = {isa = PBXFileReference; explicitFileType = wrapper.cfbundle; includeInIndex = 0; path = objcTests.xctest; sourceTree = BUILT_PRODUCTS_DIR; };
		3619263219FA86AD004569B8 /* Info.plist */ = {isa = PBXFileReference; lastKnownFileType = text.plist.xml; path = Info.plist; sourceTree = "<group>"; };
		3619263319FA86AD004569B8 /* objcTests.m */ = {isa = PBXFileReference; lastKnownFileType = sourcecode.c.objc; path = objcTests.m; sourceTree = "<group>"; };
		3619263D19FA87D4004569B8 /* NSURLRequest+cURL.h */ = {isa = PBXFileReference; fileEncoding = 4; lastKnownFileType = sourcecode.c.h; path = "NSURLRequest+cURL.h"; sourceTree = "<group>"; };
		3619263E19FA87D4004569B8 /* NSURLRequest+cURL.m */ = {isa = PBXFileReference; fileEncoding = 4; lastKnownFileType = sourcecode.c.objc; path = "NSURLRequest+cURL.m"; sourceTree = "<group>"; };
/* End PBXFileReference section */

/* Begin PBXFrameworksBuildPhase section */
		3619262A19FA86AD004569B8 /* Frameworks */ = {
			isa = PBXFrameworksBuildPhase;
			buildActionMask = 2147483647;
			files = (
			);
			runOnlyForDeploymentPostprocessing = 0;
		};
/* End PBXFrameworksBuildPhase section */

/* Begin PBXGroup section */
		3619261119FA86AD004569B8 = {
			isa = PBXGroup;
			children = (
				3619261C19FA86AD004569B8 /* objc */,
				3619263019FA86AD004569B8 /* objcTests */,
				3619261B19FA86AD004569B8 /* Products */,
			);
			sourceTree = "<group>";
		};
		3619261B19FA86AD004569B8 /* Products */ = {
			isa = PBXGroup;
			children = (
				3619262D19FA86AD004569B8 /* objcTests.xctest */,
			);
			name = Products;
			sourceTree = "<group>";
		};
		3619261C19FA86AD004569B8 /* objc */ = {
			isa = PBXGroup;
			children = (
				3619263D19FA87D4004569B8 /* NSURLRequest+cURL.h */,
				3619263E19FA87D4004569B8 /* NSURLRequest+cURL.m */,
			);
			path = objc;
			sourceTree = "<group>";
		};
		3619263019FA86AD004569B8 /* objcTests */ = {
			isa = PBXGroup;
			children = (
				3619263319FA86AD004569B8 /* objcTests.m */,
				3619263119FA86AD004569B8 /* Supporting Files */,
			);
			path = objcTests;
			sourceTree = "<group>";
		};
		3619263119FA86AD004569B8 /* Supporting Files */ = {
			isa = PBXGroup;
			children = (
				3619263219FA86AD004569B8 /* Info.plist */,
			);
			name = "Supporting Files";
			sourceTree = "<group>";
		};
/* End PBXGroup section */

/* Begin PBXNativeTarget section */
		3619262C19FA86AD004569B8 /* objcTests */ = {
			isa = PBXNativeTarget;
			buildConfigurationList = 3619263A19FA86AD004569B8 /* Build configuration list for PBXNativeTarget "objcTests" */;
			buildPhases = (
				3619262919FA86AD004569B8 /* Sources */,
				3619262A19FA86AD004569B8 /* Frameworks */,
				3619262B19FA86AD004569B8 /* Resources */,
			);
			buildRules = (
			);
			dependencies = (
			);
			name = objcTests;
			productName = objcTests;
			productReference = 3619262D19FA86AD004569B8 /* objcTests.xctest */;
			productType = "com.apple.product-type.bundle.unit-test";
		};
/* End PBXNativeTarget section */

/* Begin PBXProject section */
		3619261219FA86AD004569B8 /* Project object */ = {
			isa = PBXProject;
			attributes = {
				LastUpgradeCheck = 0610;
				ORGANIZATIONNAME = "Domagoj Tršan";
				TargetAttributes = {
					3619262C19FA86AD004569B8 = {
						CreatedOnToolsVersion = 6.1;
					};
				};
			};
			buildConfigurationList = 3619261519FA86AD004569B8 /* Build configuration list for PBXProject "objc" */;
			compatibilityVersion = "Xcode 3.2";
			developmentRegion = English;
			hasScannedForEncodings = 0;
			knownRegions = (
				en,
				Base,
			);
			mainGroup = 3619261119FA86AD004569B8;
			productRefGroup = 3619261B19FA86AD004569B8 /* Products */;
			projectDirPath = "";
			projectRoot = "";
			targets = (
				3619262C19FA86AD004569B8 /* objcTests */,
			);
		};
/* End PBXProject section */

/* Begin PBXResourcesBuildPhase section */
		3619262B19FA86AD004569B8 /* Resources */ = {
			isa = PBXResourcesBuildPhase;
			buildActionMask = 2147483647;
			files = (
			);
			runOnlyForDeploymentPostprocessing = 0;
		};
/* End PBXResourcesBuildPhase section */

/* Begin PBXSourcesBuildPhase section */
		3619262919FA86AD004569B8 /* Sources */ = {
			isa = PBXSourcesBuildPhase;
			buildActionMask = 2147483647;
			files = (
				3619263F19FA87D4004569B8 /* NSURLRequest+cURL.m in Sources */,
				3619263419FA86AD004569B8 /* objcTests.m in Sources */,
			);
			runOnlyForDeploymentPostprocessing = 0;
		};
/* End PBXSourcesBuildPhase section */

/* Begin XCBuildConfiguration section */
		3619263519FA86AD004569B8 /* Debug */ = {
			isa = XCBuildConfiguration;
			buildSettings = {
				ALWAYS_SEARCH_USER_PATHS = NO;
				CLANG_CXX_LANGUAGE_STANDARD = "gnu++0x";
				CLANG_CXX_LIBRARY = "libc++";
				CLANG_ENABLE_MODULES = YES;
				CLANG_ENABLE_OBJC_ARC = YES;
				CLANG_WARN_BOOL_CONVERSION = YES;
				CLANG_WARN_CONSTANT_CONVERSION = YES;
				CLANG_WARN_DIRECT_OBJC_ISA_USAGE = YES_ERROR;
				CLANG_WARN_EMPTY_BODY = YES;
				CLANG_WARN_ENUM_CONVERSION = YES;
				CLANG_WARN_INT_CONVERSION = YES;
				CLANG_WARN_OBJC_ROOT_CLASS = YES_ERROR;
				CLANG_WARN_UNREACHABLE_CODE = YES;
				CLANG_WARN__DUPLICATE_METHOD_MATCH = YES;
				CODE_SIGN_IDENTITY = "-";
				COPY_PHASE_STRIP = NO;
				ENABLE_STRICT_OBJC_MSGSEND = YES;
				GCC_C_LANGUAGE_STANDARD = gnu99;
				GCC_DYNAMIC_NO_PIC = NO;
				GCC_OPTIMIZATION_LEVEL = 0;
				GCC_PREPROCESSOR_DEFINITIONS = (
					"DEBUG=1",
					"$(inherited)",
				);
				GCC_SYMBOLS_PRIVATE_EXTERN = NO;
				GCC_WARN_64_TO_32_BIT_CONVERSION = YES;
				GCC_WARN_ABOUT_RETURN_TYPE = YES_ERROR;
				GCC_WARN_UNDECLARED_SELECTOR = YES;
				GCC_WARN_UNINITIALIZED_AUTOS = YES_AGGRESSIVE;
				GCC_WARN_UNUSED_FUNCTION = YES;
				GCC_WARN_UNUSED_VARIABLE = YES;
				MACOSX_DEPLOYMENT_TARGET = 10.9;
				MTL_ENABLE_DEBUG_INFO = YES;
				ONLY_ACTIVE_ARCH = YES;
				SDKROOT = macosx;
			};
			name = Debug;
		};
		3619263619FA86AD004569B8 /* Release */ = {
			isa = XCBuildConfiguration;
			buildSettings = {
				ALWAYS_SEARCH_USER_PATHS = NO;
				CLANG_CXX_LANGUAGE_STANDARD = "gnu++0x";
				CLANG_CXX_LIBRARY = "libc++";
				CLANG_ENABLE_MODULES = YES;
				CLANG_ENABLE_OBJC_ARC = YES;
				CLANG_WARN_BOOL_CONVERSION = YES;
				CLANG_WARN_CONSTANT_CONVERSION = YES;
				CLANG_WARN_DIRECT_OBJC_ISA_USAGE = YES_ERROR;
				CLANG_WARN_EMPTY_BODY = YES;
				CLANG_WARN_ENUM_CONVERSION = YES;
				CLANG_WARN_INT_CONVERSION = YES;
				CLANG_WARN_OBJC_ROOT_CLASS = YES_ERROR;
				CLANG_WARN_UNREACHABLE_CODE = YES;
				CLANG_WARN__DUPLICATE_METHOD_MATCH = YES;
				CODE_SIGN_IDENTITY = "-";
				COPY_PHASE_STRIP = YES;
				DEBUG_INFORMATION_FORMAT = "dwarf-with-dsym";
				ENABLE_NS_ASSERTIONS = NO;
				ENABLE_STRICT_OBJC_MSGSEND = YES;
				GCC_C_LANGUAGE_STANDARD = gnu99;
				GCC_WARN_64_TO_32_BIT_CONVERSION = YES;
				GCC_WARN_ABOUT_RETURN_TYPE = YES_ERROR;
				GCC_WARN_UNDECLARED_SELECTOR = YES;
				GCC_WARN_UNINITIALIZED_AUTOS = YES_AGGRESSIVE;
				GCC_WARN_UNUSED_FUNCTION = YES;
				GCC_WARN_UNUSED_VARIABLE = YES;
				MACOSX_DEPLOYMENT_TARGET = 10.9;
				MTL_ENABLE_DEBUG_INFO = NO;
				SDKROOT = macosx;
			};
			name = Release;
		};
		3619263B19FA86AD004569B8 /* Debug */ = {
			isa = XCBuildConfiguration;
			buildSettings = {
				COMBINE_HIDPI_IMAGES = YES;
				FRAMEWORK_SEARCH_PATHS = (
					"$(DEVELOPER_FRAMEWORKS_DIR)",
					"$(inherited)",
				);
				GCC_PREPROCESSOR_DEFINITIONS = (
					"DEBUG=1",
					"$(inherited)",
				);
				INFOPLIST_FILE = objcTests/Info.plist;
				LD_RUNPATH_SEARCH_PATHS = "$(inherited) @executable_path/../Frameworks @loader_path/../Frameworks";
				PRODUCT_NAME = "$(TARGET_NAME)";
			};
			name = Debug;
		};
		3619263C19FA86AD004569B8 /* Release */ = {
			isa = XCBuildConfiguration;
			buildSettings = {
				COMBINE_HIDPI_IMAGES = YES;
				FRAMEWORK_SEARCH_PATHS = (
					"$(DEVELOPER_FRAMEWORKS_DIR)",
					"$(inherited)",
				);
				INFOPLIST_FILE = objcTests/Info.plist;
				LD_RUNPATH_SEARCH_PATHS = "$(inherited) @executable_path/../Frameworks @loader_path/../Frameworks";
				PRODUCT_NAME = "$(TARGET_NAME)";
			};
			name = Release;
		};
/* End XCBuildConfiguration section */

/* Begin XCConfigurationList section */
		3619261519FA86AD004569B8 /* Build configuration list for PBXProject "objc" */ = {
			isa = XCConfigurationList;
			buildConfigurations = (
				3619263519FA86AD004569B8 /* Debug */,
				3619263619FA86AD004569B8 /* Release */,
			);
			defaultConfigurationIsVisible = 0;
			defaultConfigurationName = Release;
		};
		3619263A19FA86AD004569B8 /* Build configuration list for PBXNativeTarget "objcTests" */ = {
			isa = XCConfigurationList;
			buildConfigurations = (
				3619263B19FA86AD004569B8 /* Debug */,
				3619263C19FA86AD004569B8 /* Release */,
			);
			defaultConfigurationIsVisible = 0;
		};
/* End XCConfigurationList section */
	};
	rootObject = 3619261219FA86AD004569B8 /* Project object */;
}
